
Microsoft Visual Studio Solution File, Format Version 12.00
# Visual Studio Version 17
VisualStudioVersion = 17.13.35913.81 d17.13
MinimumVisualStudioVersion = 10.0.40219.1
Project("{FAE04EC0-301F-11D3-BF4B-00C04F79EFBC}") = "TicketHub", "TicketHub\TicketHub.csproj", "{77C31246-3771-431C-A6DD-F61591663B88}"
EndProject
Global
	GlobalSection(SolutionConfigurationPlatforms) = preSolution
		Debug|Any CPU = Debug|Any CPU
		Release|Any CPU = Release|Any CPU
	EndGlobalSection
	GlobalSection(ProjectConfigurationPlatforms) = postSolution
		{77C31246-3771-431C-A6DD-F61591663B88}.Debug|Any CPU.ActiveCfg = Debug|Any CPU
		{77C31246-3771-431C-A6DD-F61591663B88}.Debug|Any CPU.Build.0 = Debug|Any CPU
		{77C31246-3771-431C-A6DD-F61591663B88}.Release|Any CPU.ActiveCfg = Release|Any CPU
		{77C31246-3771-431C-A6DD-F61591663B88}.Release|Any CPU.Build.0 = Release|Any CPU
	EndGlobalSection
	GlobalSection(SolutionProperties) = preSolution
		HideSolutionNode = FALSE
	EndGlobalSection
	GlobalSection(ExtensibilityGlobals) = postSolution
		SolutionGuid = {ED4F47DE-1399-4548-AF88-913CE7892E1C}
	EndGlobalSection
EndGlobal
